{
  "requires": true,
  "lockfileVersion": 1,
  "dependencies": {
    "vue-axios": {
      "version": "2.1.1",
      "resolved": "https://registry.npmjs.org/vue-axios/-/vue-axios-2.1.1.tgz",
      "integrity": "sha512-Ek1STxe7G8H+ylkru1v1z6sIuUr4UkpYXjNLvDsqQNQIQ1CyrDk17KG2GaCjvhopu1wn7d8iAM9DJ5prn+FnrQ==",
      "dev": true
    }
  }
}
